
Microsoft Visual Studio Solution File, Format Version 12.00
# Visual Studio Version 17
VisualStudioVersion = 17.10.35122.118
MinimumVisualStudioVersion = 10.0.40219.1
Project("{9A19103F-16F7-4668-BE54-9A1E7A4F7556}") = "FrequencyCounter", "FrequencyCounter\FrequencyCounter.csproj", "{3C673E58-813F-405E-810B-5AD6CE53AC50}"
EndProject
Project("{9A19103F-16F7-4668-BE54-9A1E7A4F7556}") = "MultiplePointers", "MultiplePointers\MultiplePointers.csproj", "{33294A1C-3997-4478-91B7-8D59E96E78D8}"
EndProject
Project("{9A19103F-16F7-4668-BE54-9A1E7A4F7556}") = "LinearSearch", "LinearSearch\LinearSearch.csproj", "{3C662A20-9269-41E3-BBAE-115FC997E0FB}"
EndProject
Project("{9A19103F-16F7-4668-BE54-9A1E7A4F7556}") = "BinarySearch", "BinarySearch\BinarySearch.csproj", "{2A9BB3F2-E3A5-4189-BA44-6E7A0E197A72}"
EndProject
Project("{9A19103F-16F7-4668-BE54-9A1E7A4F7556}") = "NativeStringSearch", "NativeStringSearch\NativeStringSearch.csproj", "{596A4604-6DEE-4447-A7AE-450176A710F3}"
EndProject
Project("{FAE04EC0-301F-11D3-BF4B-00C04F79EFBC}") = "BubbleSort", "BubbleSort\BubbleSort.csproj", "{BFDC01A2-6A08-4048-B0B1-7BF0A734E105}"
EndProject
Global
	GlobalSection(SolutionConfigurationPlatforms) = preSolution
		Debug|Any CPU = Debug|Any CPU
		Release|Any CPU = Release|Any CPU
	EndGlobalSection
	GlobalSection(ProjectConfigurationPlatforms) = postSolution
		{3C673E58-813F-405E-810B-5AD6CE53AC50}.Debug|Any CPU.ActiveCfg = Debug|Any CPU
		{3C673E58-813F-405E-810B-5AD6CE53AC50}.Debug|Any CPU.Build.0 = Debug|Any CPU
		{3C673E58-813F-405E-810B-5AD6CE53AC50}.Release|Any CPU.ActiveCfg = Release|Any CPU
		{3C673E58-813F-405E-810B-5AD6CE53AC50}.Release|Any CPU.Build.0 = Release|Any CPU
		{33294A1C-3997-4478-91B7-8D59E96E78D8}.Debug|Any CPU.ActiveCfg = Debug|Any CPU
		{33294A1C-3997-4478-91B7-8D59E96E78D8}.Debug|Any CPU.Build.0 = Debug|Any CPU
		{33294A1C-3997-4478-91B7-8D59E96E78D8}.Release|Any CPU.ActiveCfg = Release|Any CPU
		{33294A1C-3997-4478-91B7-8D59E96E78D8}.Release|Any CPU.Build.0 = Release|Any CPU
		{3C662A20-9269-41E3-BBAE-115FC997E0FB}.Debug|Any CPU.ActiveCfg = Debug|Any CPU
		{3C662A20-9269-41E3-BBAE-115FC997E0FB}.Debug|Any CPU.Build.0 = Debug|Any CPU
		{3C662A20-9269-41E3-BBAE-115FC997E0FB}.Release|Any CPU.ActiveCfg = Release|Any CPU
		{3C662A20-9269-41E3-BBAE-115FC997E0FB}.Release|Any CPU.Build.0 = Release|Any CPU
		{2A9BB3F2-E3A5-4189-BA44-6E7A0E197A72}.Debug|Any CPU.ActiveCfg = Debug|Any CPU
		{2A9BB3F2-E3A5-4189-BA44-6E7A0E197A72}.Debug|Any CPU.Build.0 = Debug|Any CPU
		{2A9BB3F2-E3A5-4189-BA44-6E7A0E197A72}.Release|Any CPU.ActiveCfg = Release|Any CPU
		{2A9BB3F2-E3A5-4189-BA44-6E7A0E197A72}.Release|Any CPU.Build.0 = Release|Any CPU
		{596A4604-6DEE-4447-A7AE-450176A710F3}.Debug|Any CPU.ActiveCfg = Debug|Any CPU
		{596A4604-6DEE-4447-A7AE-450176A710F3}.Debug|Any CPU.Build.0 = Debug|Any CPU
		{596A4604-6DEE-4447-A7AE-450176A710F3}.Release|Any CPU.ActiveCfg = Release|Any CPU
		{596A4604-6DEE-4447-A7AE-450176A710F3}.Release|Any CPU.Build.0 = Release|Any CPU
		{BFDC01A2-6A08-4048-B0B1-7BF0A734E105}.Debug|Any CPU.ActiveCfg = Debug|Any CPU
		{BFDC01A2-6A08-4048-B0B1-7BF0A734E105}.Debug|Any CPU.Build.0 = Debug|Any CPU
		{BFDC01A2-6A08-4048-B0B1-7BF0A734E105}.Release|Any CPU.ActiveCfg = Release|Any CPU
		{BFDC01A2-6A08-4048-B0B1-7BF0A734E105}.Release|Any CPU.Build.0 = Release|Any CPU
	EndGlobalSection
	GlobalSection(SolutionProperties) = preSolution
		HideSolutionNode = FALSE
	EndGlobalSection
	GlobalSection(ExtensibilityGlobals) = postSolution
		SolutionGuid = {D8475331-9797-4EC3-9979-49CE881FB6C7}
	EndGlobalSection
EndGlobal
